
Microsoft Visual Studio Solution File, Format Version 12.00
# Visual Studio Version 17
VisualStudioVersion = 17.4.33403.182
MinimumVisualStudioVersion = 10.0.40219.1
Project("{FAE04EC0-301F-11D3-BF4B-00C04F79EFBC}") = "WindowsFormsApp1", "WindowsFormsApp1\WindowsFormsApp1.csproj", "{ADD40D79-8914-4910-B2ED-2B5EC9F9C675}"
EndProject
Global
	GlobalSection(SolutionConfigurationPlatforms) = preSolution
		Debug|Any CPU = Debug|Any CPU
		Release|Any CPU = Release|Any CPU
	EndGlobalSection
	GlobalSection(ProjectConfigurationPlatforms) = postSolution
		{ADD40D79-8914-4910-B2ED-2B5EC9F9C675}.Debug|Any CPU.ActiveCfg = Debug|Any CPU
		{ADD40D79-8914-4910-B2ED-2B5EC9F9C675}.Debug|Any CPU.Build.0 = Debug|Any CPU
		{ADD40D79-8914-4910-B2ED-2B5EC9F9C675}.Release|Any CPU.ActiveCfg = Release|Any CPU
		{ADD40D79-8914-4910-B2ED-2B5EC9F9C675}.Release|Any CPU.Build.0 = Release|Any CPU
	EndGlobalSection
	GlobalSection(SolutionProperties) = preSolution
		HideSolutionNode = FALSE
	EndGlobalSection
	GlobalSection(ExtensibilityGlobals) = postSolution
		SolutionGuid = {AE49C718-F4ED-45C2-9DC0-06CF68CE95BF}
	EndGlobalSection
EndGlobal
